
Microsoft Visual Studio Solution File, Format Version 12.00
Project("{FAE04EC0-301F-11D3-BF4B-00C04F79EFBC}") = "RSA", "RSA\RSA.csproj", "{09E9E3B1-4689-4C1B-8F7A-6DF87BCBACC1}"
EndProject
Project("{FAE04EC0-301F-11D3-BF4B-00C04F79EFBC}") = "RSA.Test", "RSA.Test\RSA.Test.csproj", "{C5E7D46E-559F-44E9-A458-F85DDA657CF6}"
EndProject
Global
	GlobalSection(SolutionConfigurationPlatforms) = preSolution
		Debug|Any CPU = Debug|Any CPU
		Release|Any CPU = Release|Any CPU
	EndGlobalSection
	GlobalSection(ProjectConfigurationPlatforms) = postSolution
		{09E9E3B1-4689-4C1B-8F7A-6DF87BCBACC1}.Debug|Any CPU.ActiveCfg = Debug|Any CPU
		{09E9E3B1-4689-4C1B-8F7A-6DF87BCBACC1}.Debug|Any CPU.Build.0 = Debug|Any CPU
		{09E9E3B1-4689-4C1B-8F7A-6DF87BCBACC1}.Release|Any CPU.ActiveCfg = Release|Any CPU
		{09E9E3B1-4689-4C1B-8F7A-6DF87BCBACC1}.Release|Any CPU.Build.0 = Release|Any CPU
		{C5E7D46E-559F-44E9-A458-F85DDA657CF6}.Debug|Any CPU.ActiveCfg = Debug|Any CPU
		{C5E7D46E-559F-44E9-A458-F85DDA657CF6}.Debug|Any CPU.Build.0 = Debug|Any CPU
		{C5E7D46E-559F-44E9-A458-F85DDA657CF6}.Release|Any CPU.ActiveCfg = Release|Any CPU
		{C5E7D46E-559F-44E9-A458-F85DDA657CF6}.Release|Any CPU.Build.0 = Release|Any CPU
	EndGlobalSection
EndGlobal
